{
  "requires": true,
  "lockfileVersion": 1,
  "dependencies": {
    "@fancyapps/fancybox": {
      "version": "3.1.20",
      "resolved": "https://registry.npmjs.org/@fancyapps/fancybox/-/fancybox-3.1.20.tgz",
      "integrity": "sha1-nb8bDiISlQFE1zbiH+iUpS5R0lA="
    },
    "isotope": {
      "version": "1.0.0-alpha.3",
      "resolved": "https://registry.npmjs.org/isotope/-/isotope-1.0.0-alpha.3.tgz",
      "integrity": "sha1-Zmiq8mTnjCDNAkY+tb1nlFRrxKw="
    },
    "jquery": {
      "version": "3.2.1",
      "resolved": "https://registry.npmjs.org/jquery/-/jquery-3.2.1.tgz",
      "integrity": "sha1-XE2d5lKvbNCncBVKYxu6ErAVx4c="
    },
    "lightgallery": {
      "version": "1.6.0",
      "resolved": "https://registry.npmjs.org/lightgallery/-/lightgallery-1.6.0.tgz",
      "integrity": "sha1-T/fbQWhYtQjf29Sk+dj2ythnMdA=",
      "requires": {
        "jquery": "3.2.1"
      }
    }
  }
}
